
Microsoft Visual Studio Solution File, Format Version 12.00
# Visual Studio Version 17
VisualStudioVersion = 17.6.33801.468
MinimumVisualStudioVersion = 10.0.40219.1
Project("{9A19103F-16F7-4668-BE54-9A1E7A4F7556}") = "ConsoleApp1", "ConsoleApp1\ConsoleApp1.csproj", "{BFA50E6A-B3EE-44DB-84B2-1E6FB66B9A62}"
EndProject
Project("{9A19103F-16F7-4668-BE54-9A1E7A4F7556}") = "Lesson4Task1", "Lesson4TaskOne\Lesson4Task1.csproj", "{2C29C760-30DC-429A-B411-05DBC9F46C34}"
EndProject
Project("{9A19103F-16F7-4668-BE54-9A1E7A4F7556}") = "Lesson4Task2", "Lesson4TaskTwo\Lesson4Task2.csproj", "{7C12A314-32D6-49DA-8DAC-53E41D873BE0}"
EndProject
Project("{9A19103F-16F7-4668-BE54-9A1E7A4F7556}") = "Lesson4Task3", "Lesson4Task3\Lesson4Task3.csproj", "{AE39CD85-EA44-4447-AACA-8919EE0FB6B6}"
EndProject
Project("{9A19103F-16F7-4668-BE54-9A1E7A4F7556}") = "Lesson4Task4", "Lesson4Task4\Lesson4Task4.csproj", "{4F29D054-E30E-4256-83E2-9467606B6E79}"
EndProject
Project("{9A19103F-16F7-4668-BE54-9A1E7A4F7556}") = "Lesson5Task2", "Lesson5Task2\Lesson5Task2.csproj", "{809F37D9-2D07-4920-95D1-07EF6572695A}"
EndProject
Project("{FAE04EC0-301F-11D3-BF4B-00C04F79EFBC}") = "Lesson6Task1", "Lesson6Task1\Lesson6Task1.csproj", "{06D7C35D-918F-4EBE-8B5C-3C351DC9FD9C}"
EndProject
Global
	GlobalSection(SolutionConfigurationPlatforms) = preSolution
		Debug|Any CPU = Debug|Any CPU
		Release|Any CPU = Release|Any CPU
	EndGlobalSection
	GlobalSection(ProjectConfigurationPlatforms) = postSolution
		{BFA50E6A-B3EE-44DB-84B2-1E6FB66B9A62}.Debug|Any CPU.ActiveCfg = Debug|Any CPU
		{BFA50E6A-B3EE-44DB-84B2-1E6FB66B9A62}.Debug|Any CPU.Build.0 = Debug|Any CPU
		{BFA50E6A-B3EE-44DB-84B2-1E6FB66B9A62}.Release|Any CPU.ActiveCfg = Release|Any CPU
		{BFA50E6A-B3EE-44DB-84B2-1E6FB66B9A62}.Release|Any CPU.Build.0 = Release|Any CPU
		{2C29C760-30DC-429A-B411-05DBC9F46C34}.Debug|Any CPU.ActiveCfg = Debug|Any CPU
		{2C29C760-30DC-429A-B411-05DBC9F46C34}.Debug|Any CPU.Build.0 = Debug|Any CPU
		{2C29C760-30DC-429A-B411-05DBC9F46C34}.Release|Any CPU.ActiveCfg = Release|Any CPU
		{2C29C760-30DC-429A-B411-05DBC9F46C34}.Release|Any CPU.Build.0 = Release|Any CPU
		{7C12A314-32D6-49DA-8DAC-53E41D873BE0}.Debug|Any CPU.ActiveCfg = Debug|Any CPU
		{7C12A314-32D6-49DA-8DAC-53E41D873BE0}.Debug|Any CPU.Build.0 = Debug|Any CPU
		{7C12A314-32D6-49DA-8DAC-53E41D873BE0}.Release|Any CPU.ActiveCfg = Release|Any CPU
		{7C12A314-32D6-49DA-8DAC-53E41D873BE0}.Release|Any CPU.Build.0 = Release|Any CPU
		{AE39CD85-EA44-4447-AACA-8919EE0FB6B6}.Debug|Any CPU.ActiveCfg = Debug|Any CPU
		{AE39CD85-EA44-4447-AACA-8919EE0FB6B6}.Debug|Any CPU.Build.0 = Debug|Any CPU
		{AE39CD85-EA44-4447-AACA-8919EE0FB6B6}.Release|Any CPU.ActiveCfg = Release|Any CPU
		{AE39CD85-EA44-4447-AACA-8919EE0FB6B6}.Release|Any CPU.Build.0 = Release|Any CPU
		{4F29D054-E30E-4256-83E2-9467606B6E79}.Debug|Any CPU.ActiveCfg = Debug|Any CPU
		{4F29D054-E30E-4256-83E2-9467606B6E79}.Debug|Any CPU.Build.0 = Debug|Any CPU
		{4F29D054-E30E-4256-83E2-9467606B6E79}.Release|Any CPU.ActiveCfg = Release|Any CPU
		{4F29D054-E30E-4256-83E2-9467606B6E79}.Release|Any CPU.Build.0 = Release|Any CPU
		{809F37D9-2D07-4920-95D1-07EF6572695A}.Debug|Any CPU.ActiveCfg = Debug|Any CPU
		{809F37D9-2D07-4920-95D1-07EF6572695A}.Debug|Any CPU.Build.0 = Debug|Any CPU
		{809F37D9-2D07-4920-95D1-07EF6572695A}.Release|Any CPU.ActiveCfg = Release|Any CPU
		{809F37D9-2D07-4920-95D1-07EF6572695A}.Release|Any CPU.Build.0 = Release|Any CPU
		{06D7C35D-918F-4EBE-8B5C-3C351DC9FD9C}.Debug|Any CPU.ActiveCfg = Debug|Any CPU
		{06D7C35D-918F-4EBE-8B5C-3C351DC9FD9C}.Debug|Any CPU.Build.0 = Debug|Any CPU
		{06D7C35D-918F-4EBE-8B5C-3C351DC9FD9C}.Release|Any CPU.ActiveCfg = Release|Any CPU
		{06D7C35D-918F-4EBE-8B5C-3C351DC9FD9C}.Release|Any CPU.Build.0 = Release|Any CPU
	EndGlobalSection
	GlobalSection(SolutionProperties) = preSolution
		HideSolutionNode = FALSE
	EndGlobalSection
	GlobalSection(ExtensibilityGlobals) = postSolution
		SolutionGuid = {039E7E99-62E2-48D2-BCF4-22399663B992}
	EndGlobalSection
EndGlobal
