
Microsoft Visual Studio Solution File, Format Version 12.00
# Visual Studio Version 17
VisualStudioVersion = 17.6.33801.468
MinimumVisualStudioVersion = 10.0.40219.1
Project("{9A19103F-16F7-4668-BE54-9A1E7A4F7556}") = "ConsoleApp1", "ConsoleApp1\ConsoleApp1.csproj", "{BFA50E6A-B3EE-44DB-84B2-1E6FB66B9A62}"
EndProject
Project("{9A19103F-16F7-4668-BE54-9A1E7A4F7556}") = "Lesson4Task1", "Lesson4TaskOne\Lesson4Task1.csproj", "{2C29C760-30DC-429A-B411-05DBC9F46C34}"
EndProject
Project("{9A19103F-16F7-4668-BE54-9A1E7A4F7556}") = "Lesson4Task2", "Lesson4TaskTwo\Lesson4Task2.csproj", "{7C12A314-32D6-49DA-8DAC-53E41D873BE0}"
EndProject
Project("{9A19103F-16F7-4668-BE54-9A1E7A4F7556}") = "Lesson4Task3", "Lesson4Task3\Lesson4Task3.csproj", "{AE39CD85-EA44-4447-AACA-8919EE0FB6B6}"
EndProject
Project("{9A19103F-16F7-4668-BE54-9A1E7A4F7556}") = "Lesson4Task4", "Lesson4Task4\Lesson4Task4.csproj", "{4F29D054-E30E-4256-83E2-9467606B6E79}"
EndProject
Project("{9A19103F-16F7-4668-BE54-9A1E7A4F7556}") = "Lesson5Task2", "Lesson5Task2\Lesson5Task2.csproj", "{809F37D9-2D07-4920-95D1-07EF6572695A}"
EndProject
Project("{9A19103F-16F7-4668-BE54-9A1E7A4F7556}") = "Lesson6Task1", "Lesson6Task1\Lesson6Task1.csproj", "{06D7C35D-918F-4EBE-8B5C-3C351DC9FD9C}"
EndProject
Project("{9A19103F-16F7-4668-BE54-9A1E7A4F7556}") = "Lesson6Task2", "Lesson6Task2\Lesson6Task2.csproj", "{3A1BABF5-1EEB-4EB8-B7FB-2337FC8867E0}"
EndProject
Project("{9A19103F-16F7-4668-BE54-9A1E7A4F7556}") = "Lesson7Task1", "Lesson7Task1\Lesson7Task1.csproj", "{7D347C72-37C8-460C-8062-E13605482BE7}"
EndProject
Project("{9A19103F-16F7-4668-BE54-9A1E7A4F7556}") = "ArrayWorker", "ArrayWorker\ArrayWorker.csproj", "{313F0F06-FA1B-4462-B1CF-0B61C1349327}"
EndProject
Project("{9A19103F-16F7-4668-BE54-9A1E7A4F7556}") = "Lesson7Task2", "Lesson7Task2\Lesson7Task2.csproj", "{FD4F00B1-12E8-43F0-AD4D-575F6B38D6F0}"
EndProject
Project("{9A19103F-16F7-4668-BE54-9A1E7A4F7556}") = "Lesson8Task2", "Lesson8Task2\Lesson8Task2.csproj", "{EDB54728-C5C4-450F-8A74-263B91A76B09}"
EndProject
Project("{9A19103F-16F7-4668-BE54-9A1E7A4F7556}") = "Lesson8Task3", "Lesson8Task3\Lesson8Task3.csproj", "{30898D97-DD94-4142-AD7C-E90A9129ACC2}"
EndProject
Project("{9A19103F-16F7-4668-BE54-9A1E7A4F7556}") = "Lesson8Task1and4", "LEsson8Task1and4\Lesson8Task1and4.csproj", "{562A71E0-D002-4CE2-AD12-646CB16F8F15}"
EndProject
Project("{9A19103F-16F7-4668-BE54-9A1E7A4F7556}") = "Lesson9Task1and2", "Lesson9Task1and2\Lesson9Task1and2.csproj", "{C9EB5855-CA5E-41BA-A5BA-FD96EE8B6DB0}"
EndProject
Project("{9A19103F-16F7-4668-BE54-9A1E7A4F7556}") = "Lesson11Task1", "Lesson11Task1\Lesson11Task1.csproj", "{7F9C8AF9-6DDA-4D94-A079-89B2011D8221}"
EndProject
Project("{9A19103F-16F7-4668-BE54-9A1E7A4F7556}") = "Lesson11Task2", "Lesson11Task2\Lesson11Task2.csproj", "{AD9A2220-C3E4-4BA7-AB83-791054A13BB3}"
EndProject
Project("{9A19103F-16F7-4668-BE54-9A1E7A4F7556}") = "Lesson12Task1", "Lesson12Task1\Lesson12Task1.csproj", "{E03187BE-A9DF-43BD-83F6-823B265927B6}"
EndProject
Project("{FAE04EC0-301F-11D3-BF4B-00C04F79EFBC}") = "Lesson12Task4", "Lesson12Task4\Lesson12Task4.csproj", "{DB445BBA-59C9-4D33-BA57-43C1368A13AC}"
EndProject
Project("{FAE04EC0-301F-11D3-BF4B-00C04F79EFBC}") = "Lesson12Task5", "Lesson12Task5\Lesson12Task5.csproj", "{EC40B7B6-15A7-464D-8B11-C8D8167FD099}"
EndProject
Project("{FAE04EC0-301F-11D3-BF4B-00C04F79EFBC}") = "Lesson13Task1", "Esson13Task1\Lesson13Task1.csproj", "{EB64BB37-3D7E-4988-827F-C1B0FE5660C4}"
EndProject
Project("{FAE04EC0-301F-11D3-BF4B-00C04F79EFBC}") = "Lesson13Task2", "Lesson13Task2\Lesson13Task2.csproj", "{1ACE569B-306F-4970-B2FA-E641AFB184CD}"
EndProject
Project("{FAE04EC0-301F-11D3-BF4B-00C04F79EFBC}") = "Lesson14Task1", "Lesson14Task1\Lesson14Task1.csproj", "{70C417D1-729E-499D-A6E9-51E5AE98B819}"
EndProject
Project("{FAE04EC0-301F-11D3-BF4B-00C04F79EFBC}") = "Lesson14Task2", "Lesson14Task2\Lesson14Task2.csproj", "{ED4927D7-57ED-4D4E-A927-A3240888ADC5}"
EndProject
Project("{FAE04EC0-301F-11D3-BF4B-00C04F79EFBC}") = "Lesson14Task3", "Lesson14Task3\Lesson14Task3.csproj", "{CC576B9C-C180-4B21-8F49-01B1575D8827}"
EndProject
Project("{FAE04EC0-301F-11D3-BF4B-00C04F79EFBC}") = "Lesson15Task1", "Lesson15Task1\Lesson15Task1.csproj", "{BD9F9002-B612-4680-ADB3-B5D795267810}"
EndProject
Global
	GlobalSection(SolutionConfigurationPlatforms) = preSolution
		Debug|Any CPU = Debug|Any CPU
		Release|Any CPU = Release|Any CPU
	EndGlobalSection
	GlobalSection(ProjectConfigurationPlatforms) = postSolution
		{BFA50E6A-B3EE-44DB-84B2-1E6FB66B9A62}.Debug|Any CPU.ActiveCfg = Debug|Any CPU
		{BFA50E6A-B3EE-44DB-84B2-1E6FB66B9A62}.Debug|Any CPU.Build.0 = Debug|Any CPU
		{BFA50E6A-B3EE-44DB-84B2-1E6FB66B9A62}.Release|Any CPU.ActiveCfg = Release|Any CPU
		{BFA50E6A-B3EE-44DB-84B2-1E6FB66B9A62}.Release|Any CPU.Build.0 = Release|Any CPU
		{2C29C760-30DC-429A-B411-05DBC9F46C34}.Debug|Any CPU.ActiveCfg = Debug|Any CPU
		{2C29C760-30DC-429A-B411-05DBC9F46C34}.Debug|Any CPU.Build.0 = Debug|Any CPU
		{2C29C760-30DC-429A-B411-05DBC9F46C34}.Release|Any CPU.ActiveCfg = Release|Any CPU
		{2C29C760-30DC-429A-B411-05DBC9F46C34}.Release|Any CPU.Build.0 = Release|Any CPU
		{7C12A314-32D6-49DA-8DAC-53E41D873BE0}.Debug|Any CPU.ActiveCfg = Debug|Any CPU
		{7C12A314-32D6-49DA-8DAC-53E41D873BE0}.Debug|Any CPU.Build.0 = Debug|Any CPU
		{7C12A314-32D6-49DA-8DAC-53E41D873BE0}.Release|Any CPU.ActiveCfg = Release|Any CPU
		{7C12A314-32D6-49DA-8DAC-53E41D873BE0}.Release|Any CPU.Build.0 = Release|Any CPU
		{AE39CD85-EA44-4447-AACA-8919EE0FB6B6}.Debug|Any CPU.ActiveCfg = Debug|Any CPU
		{AE39CD85-EA44-4447-AACA-8919EE0FB6B6}.Debug|Any CPU.Build.0 = Debug|Any CPU
		{AE39CD85-EA44-4447-AACA-8919EE0FB6B6}.Release|Any CPU.ActiveCfg = Release|Any CPU
		{AE39CD85-EA44-4447-AACA-8919EE0FB6B6}.Release|Any CPU.Build.0 = Release|Any CPU
		{4F29D054-E30E-4256-83E2-9467606B6E79}.Debug|Any CPU.ActiveCfg = Debug|Any CPU
		{4F29D054-E30E-4256-83E2-9467606B6E79}.Debug|Any CPU.Build.0 = Debug|Any CPU
		{4F29D054-E30E-4256-83E2-9467606B6E79}.Release|Any CPU.ActiveCfg = Release|Any CPU
		{4F29D054-E30E-4256-83E2-9467606B6E79}.Release|Any CPU.Build.0 = Release|Any CPU
		{809F37D9-2D07-4920-95D1-07EF6572695A}.Debug|Any CPU.ActiveCfg = Debug|Any CPU
		{809F37D9-2D07-4920-95D1-07EF6572695A}.Debug|Any CPU.Build.0 = Debug|Any CPU
		{809F37D9-2D07-4920-95D1-07EF6572695A}.Release|Any CPU.ActiveCfg = Release|Any CPU
		{809F37D9-2D07-4920-95D1-07EF6572695A}.Release|Any CPU.Build.0 = Release|Any CPU
		{06D7C35D-918F-4EBE-8B5C-3C351DC9FD9C}.Debug|Any CPU.ActiveCfg = Debug|Any CPU
		{06D7C35D-918F-4EBE-8B5C-3C351DC9FD9C}.Debug|Any CPU.Build.0 = Debug|Any CPU
		{06D7C35D-918F-4EBE-8B5C-3C351DC9FD9C}.Release|Any CPU.ActiveCfg = Release|Any CPU
		{06D7C35D-918F-4EBE-8B5C-3C351DC9FD9C}.Release|Any CPU.Build.0 = Release|Any CPU
		{3A1BABF5-1EEB-4EB8-B7FB-2337FC8867E0}.Debug|Any CPU.ActiveCfg = Debug|Any CPU
		{3A1BABF5-1EEB-4EB8-B7FB-2337FC8867E0}.Debug|Any CPU.Build.0 = Debug|Any CPU
		{3A1BABF5-1EEB-4EB8-B7FB-2337FC8867E0}.Release|Any CPU.ActiveCfg = Release|Any CPU
		{3A1BABF5-1EEB-4EB8-B7FB-2337FC8867E0}.Release|Any CPU.Build.0 = Release|Any CPU
		{7D347C72-37C8-460C-8062-E13605482BE7}.Debug|Any CPU.ActiveCfg = Debug|Any CPU
		{7D347C72-37C8-460C-8062-E13605482BE7}.Debug|Any CPU.Build.0 = Debug|Any CPU
		{7D347C72-37C8-460C-8062-E13605482BE7}.Release|Any CPU.ActiveCfg = Release|Any CPU
		{7D347C72-37C8-460C-8062-E13605482BE7}.Release|Any CPU.Build.0 = Release|Any CPU
		{313F0F06-FA1B-4462-B1CF-0B61C1349327}.Debug|Any CPU.ActiveCfg = Debug|Any CPU
		{313F0F06-FA1B-4462-B1CF-0B61C1349327}.Debug|Any CPU.Build.0 = Debug|Any CPU
		{313F0F06-FA1B-4462-B1CF-0B61C1349327}.Release|Any CPU.ActiveCfg = Release|Any CPU
		{313F0F06-FA1B-4462-B1CF-0B61C1349327}.Release|Any CPU.Build.0 = Release|Any CPU
		{FD4F00B1-12E8-43F0-AD4D-575F6B38D6F0}.Debug|Any CPU.ActiveCfg = Debug|Any CPU
		{FD4F00B1-12E8-43F0-AD4D-575F6B38D6F0}.Debug|Any CPU.Build.0 = Debug|Any CPU
		{FD4F00B1-12E8-43F0-AD4D-575F6B38D6F0}.Release|Any CPU.ActiveCfg = Release|Any CPU
		{FD4F00B1-12E8-43F0-AD4D-575F6B38D6F0}.Release|Any CPU.Build.0 = Release|Any CPU
		{EDB54728-C5C4-450F-8A74-263B91A76B09}.Debug|Any CPU.ActiveCfg = Debug|Any CPU
		{EDB54728-C5C4-450F-8A74-263B91A76B09}.Debug|Any CPU.Build.0 = Debug|Any CPU
		{EDB54728-C5C4-450F-8A74-263B91A76B09}.Release|Any CPU.ActiveCfg = Release|Any CPU
		{EDB54728-C5C4-450F-8A74-263B91A76B09}.Release|Any CPU.Build.0 = Release|Any CPU
		{30898D97-DD94-4142-AD7C-E90A9129ACC2}.Debug|Any CPU.ActiveCfg = Debug|Any CPU
		{30898D97-DD94-4142-AD7C-E90A9129ACC2}.Debug|Any CPU.Build.0 = Debug|Any CPU
		{30898D97-DD94-4142-AD7C-E90A9129ACC2}.Release|Any CPU.ActiveCfg = Release|Any CPU
		{30898D97-DD94-4142-AD7C-E90A9129ACC2}.Release|Any CPU.Build.0 = Release|Any CPU
		{562A71E0-D002-4CE2-AD12-646CB16F8F15}.Debug|Any CPU.ActiveCfg = Debug|Any CPU
		{562A71E0-D002-4CE2-AD12-646CB16F8F15}.Debug|Any CPU.Build.0 = Debug|Any CPU
		{562A71E0-D002-4CE2-AD12-646CB16F8F15}.Release|Any CPU.ActiveCfg = Release|Any CPU
		{562A71E0-D002-4CE2-AD12-646CB16F8F15}.Release|Any CPU.Build.0 = Release|Any CPU
		{C9EB5855-CA5E-41BA-A5BA-FD96EE8B6DB0}.Debug|Any CPU.ActiveCfg = Debug|Any CPU
		{C9EB5855-CA5E-41BA-A5BA-FD96EE8B6DB0}.Debug|Any CPU.Build.0 = Debug|Any CPU
		{C9EB5855-CA5E-41BA-A5BA-FD96EE8B6DB0}.Release|Any CPU.ActiveCfg = Release|Any CPU
		{C9EB5855-CA5E-41BA-A5BA-FD96EE8B6DB0}.Release|Any CPU.Build.0 = Release|Any CPU
		{7F9C8AF9-6DDA-4D94-A079-89B2011D8221}.Debug|Any CPU.ActiveCfg = Debug|Any CPU
		{7F9C8AF9-6DDA-4D94-A079-89B2011D8221}.Debug|Any CPU.Build.0 = Debug|Any CPU
		{7F9C8AF9-6DDA-4D94-A079-89B2011D8221}.Release|Any CPU.ActiveCfg = Release|Any CPU
		{7F9C8AF9-6DDA-4D94-A079-89B2011D8221}.Release|Any CPU.Build.0 = Release|Any CPU
		{AD9A2220-C3E4-4BA7-AB83-791054A13BB3}.Debug|Any CPU.ActiveCfg = Debug|Any CPU
		{AD9A2220-C3E4-4BA7-AB83-791054A13BB3}.Debug|Any CPU.Build.0 = Debug|Any CPU
		{AD9A2220-C3E4-4BA7-AB83-791054A13BB3}.Release|Any CPU.ActiveCfg = Release|Any CPU
		{AD9A2220-C3E4-4BA7-AB83-791054A13BB3}.Release|Any CPU.Build.0 = Release|Any CPU
		{E03187BE-A9DF-43BD-83F6-823B265927B6}.Debug|Any CPU.ActiveCfg = Debug|Any CPU
		{E03187BE-A9DF-43BD-83F6-823B265927B6}.Debug|Any CPU.Build.0 = Debug|Any CPU
		{E03187BE-A9DF-43BD-83F6-823B265927B6}.Release|Any CPU.ActiveCfg = Release|Any CPU
		{E03187BE-A9DF-43BD-83F6-823B265927B6}.Release|Any CPU.Build.0 = Release|Any CPU
		{DB445BBA-59C9-4D33-BA57-43C1368A13AC}.Debug|Any CPU.ActiveCfg = Debug|Any CPU
		{DB445BBA-59C9-4D33-BA57-43C1368A13AC}.Debug|Any CPU.Build.0 = Debug|Any CPU
		{DB445BBA-59C9-4D33-BA57-43C1368A13AC}.Release|Any CPU.ActiveCfg = Release|Any CPU
		{DB445BBA-59C9-4D33-BA57-43C1368A13AC}.Release|Any CPU.Build.0 = Release|Any CPU
		{EC40B7B6-15A7-464D-8B11-C8D8167FD099}.Debug|Any CPU.ActiveCfg = Debug|Any CPU
		{EC40B7B6-15A7-464D-8B11-C8D8167FD099}.Debug|Any CPU.Build.0 = Debug|Any CPU
		{EC40B7B6-15A7-464D-8B11-C8D8167FD099}.Release|Any CPU.ActiveCfg = Release|Any CPU
		{EC40B7B6-15A7-464D-8B11-C8D8167FD099}.Release|Any CPU.Build.0 = Release|Any CPU
		{EB64BB37-3D7E-4988-827F-C1B0FE5660C4}.Debug|Any CPU.ActiveCfg = Debug|Any CPU
		{EB64BB37-3D7E-4988-827F-C1B0FE5660C4}.Debug|Any CPU.Build.0 = Debug|Any CPU
		{EB64BB37-3D7E-4988-827F-C1B0FE5660C4}.Release|Any CPU.ActiveCfg = Release|Any CPU
		{EB64BB37-3D7E-4988-827F-C1B0FE5660C4}.Release|Any CPU.Build.0 = Release|Any CPU
		{1ACE569B-306F-4970-B2FA-E641AFB184CD}.Debug|Any CPU.ActiveCfg = Debug|Any CPU
		{1ACE569B-306F-4970-B2FA-E641AFB184CD}.Debug|Any CPU.Build.0 = Debug|Any CPU
		{1ACE569B-306F-4970-B2FA-E641AFB184CD}.Release|Any CPU.ActiveCfg = Release|Any CPU
		{1ACE569B-306F-4970-B2FA-E641AFB184CD}.Release|Any CPU.Build.0 = Release|Any CPU
		{70C417D1-729E-499D-A6E9-51E5AE98B819}.Debug|Any CPU.ActiveCfg = Debug|Any CPU
		{70C417D1-729E-499D-A6E9-51E5AE98B819}.Debug|Any CPU.Build.0 = Debug|Any CPU
		{70C417D1-729E-499D-A6E9-51E5AE98B819}.Release|Any CPU.ActiveCfg = Release|Any CPU
		{70C417D1-729E-499D-A6E9-51E5AE98B819}.Release|Any CPU.Build.0 = Release|Any CPU
		{ED4927D7-57ED-4D4E-A927-A3240888ADC5}.Debug|Any CPU.ActiveCfg = Debug|Any CPU
		{ED4927D7-57ED-4D4E-A927-A3240888ADC5}.Debug|Any CPU.Build.0 = Debug|Any CPU
		{ED4927D7-57ED-4D4E-A927-A3240888ADC5}.Release|Any CPU.ActiveCfg = Release|Any CPU
		{ED4927D7-57ED-4D4E-A927-A3240888ADC5}.Release|Any CPU.Build.0 = Release|Any CPU
		{CC576B9C-C180-4B21-8F49-01B1575D8827}.Debug|Any CPU.ActiveCfg = Debug|Any CPU
		{CC576B9C-C180-4B21-8F49-01B1575D8827}.Debug|Any CPU.Build.0 = Debug|Any CPU
		{CC576B9C-C180-4B21-8F49-01B1575D8827}.Release|Any CPU.ActiveCfg = Release|Any CPU
		{CC576B9C-C180-4B21-8F49-01B1575D8827}.Release|Any CPU.Build.0 = Release|Any CPU
		{BD9F9002-B612-4680-ADB3-B5D795267810}.Debug|Any CPU.ActiveCfg = Debug|Any CPU
		{BD9F9002-B612-4680-ADB3-B5D795267810}.Debug|Any CPU.Build.0 = Debug|Any CPU
		{BD9F9002-B612-4680-ADB3-B5D795267810}.Release|Any CPU.ActiveCfg = Release|Any CPU
		{BD9F9002-B612-4680-ADB3-B5D795267810}.Release|Any CPU.Build.0 = Release|Any CPU
	EndGlobalSection
	GlobalSection(SolutionProperties) = preSolution
		HideSolutionNode = FALSE
	EndGlobalSection
	GlobalSection(ExtensibilityGlobals) = postSolution
		SolutionGuid = {039E7E99-62E2-48D2-BCF4-22399663B992}
	EndGlobalSection
EndGlobal
